
Microsoft Visual Studio Solution File, Format Version 12.00
# Visual Studio Version 17
VisualStudioVersion = 17.7.34031.279
MinimumVisualStudioVersion = 10.0.40219.1
Project("{FAE04EC0-301F-11D3-BF4B-00C04F79EFBC}") = "MayExamDenielsVarava", "MayExamDenielsVarava\MayExamDenielsVarava.csproj", "{523271B1-1CC7-4E36-AC77-67297102514C}"
EndProject
Project("{FAE04EC0-301F-11D3-BF4B-00C04F79EFBC}") = "DatabaseScript", "DatabaseScript\DatabaseScript.csproj", "{58FD078A-3985-4A85-8A66-81CA1B831ED7}"
EndProject
Global
	GlobalSection(SolutionConfigurationPlatforms) = preSolution
		Debug|Any CPU = Debug|Any CPU
		Release|Any CPU = Release|Any CPU
	EndGlobalSection
	GlobalSection(ProjectConfigurationPlatforms) = postSolution
		{523271B1-1CC7-4E36-AC77-67297102514C}.Debug|Any CPU.ActiveCfg = Debug|Any CPU
		{523271B1-1CC7-4E36-AC77-67297102514C}.Debug|Any CPU.Build.0 = Debug|Any CPU
		{523271B1-1CC7-4E36-AC77-67297102514C}.Release|Any CPU.ActiveCfg = Release|Any CPU
		{523271B1-1CC7-4E36-AC77-67297102514C}.Release|Any CPU.Build.0 = Release|Any CPU
		{58FD078A-3985-4A85-8A66-81CA1B831ED7}.Debug|Any CPU.ActiveCfg = Debug|Any CPU
		{58FD078A-3985-4A85-8A66-81CA1B831ED7}.Debug|Any CPU.Build.0 = Debug|Any CPU
		{58FD078A-3985-4A85-8A66-81CA1B831ED7}.Release|Any CPU.ActiveCfg = Release|Any CPU
		{58FD078A-3985-4A85-8A66-81CA1B831ED7}.Release|Any CPU.Build.0 = Release|Any CPU
	EndGlobalSection
	GlobalSection(SolutionProperties) = preSolution
		HideSolutionNode = FALSE
	EndGlobalSection
	GlobalSection(ExtensibilityGlobals) = postSolution
		SolutionGuid = {288FFAD6-E3F3-415E-B738-A6C191DEF677}
	EndGlobalSection
EndGlobal
